// !$*UTF8*$!
{
	archiveVersion = 1;
	classes = {
	};
	objectVersion = 45;
	objects = {

/* Begin PBXBuildFile section */
		1D3623260D0F684500981E51 /* BuddyJAppDelegate.mm in Sources */ = {isa = PBXBuildFile; fileRef = 1D3623250D0F684500981E51 /* BuddyJAppDelegate.mm */; };
		1D60589B0D05DD56006BFB54 /* main.m in Sources */ = {isa = PBXBuildFile; fileRef = 29B97316FDCFA39411CA2CEA /* main.m */; };
		1D60589F0D05DD5A006BFB54 /* Foundation.framework in Frameworks */ = {isa = PBXBuildFile; fileRef = 1D30AB110D05D00D00671497 /* Foundation.framework */; };
		1DF5F4E00D08C38300B7A737 /* UIKit.framework in Frameworks */ = {isa = PBXBuildFile; fileRef = 1DF5F4DF0D08C38300B7A737 /* UIKit.framework */; };
		288765080DF74369002DB57D /* CoreGraphics.framework in Frameworks */ = {isa = PBXBuildFile; fileRef = 288765070DF74369002DB57D /* CoreGraphics.framework */; };
		28AD73880D9D96C1002E5188 /* MainWindow.xib in Resources */ = {isa = PBXBuildFile; fileRef = 28AD73870D9D96C1002E5188 /* MainWindow.xib */; };
		735430201114E41300F172D5 /* JogWheelView.m in Sources */ = {isa = PBXBuildFile; fileRef = 7354301F1114E41300F172D5 /* JogWheelView.m */; };
		73CD907011149EA500F50F1B /* AudioEngine.mm in Sources */ = {isa = PBXBuildFile; fileRef = 73CD906911149EA500F50F1B /* AudioEngine.mm */; };
		73CD907111149EA500F50F1B /* Track.cpp in Sources */ = {isa = PBXBuildFile; fileRef = 73CD906B11149EA500F50F1B /* Track.cpp */; };
		73CD907211149EA500F50F1B /* AudioFile.cpp in Sources */ = {isa = PBXBuildFile; fileRef = 73CD906D11149EA500F50F1B /* AudioFile.cpp */; };
		73CD907311149EA500F50F1B /* SoundSet.cpp in Sources */ = {isa = PBXBuildFile; fileRef = 73CD906F11149EA500F50F1B /* SoundSet.cpp */; };
		73CD908311149EBA00F50F1B /* WavFile.cpp in Sources */ = {isa = PBXBuildFile; fileRef = 73CD907411149EBA00F50F1B /* WavFile.cpp */; };
		73CD908411149EBA00F50F1B /* CAStreamBasicDescription.cpp in Sources */ = {isa = PBXBuildFile; fileRef = 73CD907B11149EBA00F50F1B /* CAStreamBasicDescription.cpp */; };
		73CD908511149EBA00F50F1B /* CAXException.cpp in Sources */ = {isa = PBXBuildFile; fileRef = 73CD907C11149EBA00F50F1B /* CAXException.cpp */; };
		73CD908A11149EDD00F50F1B /* AudioToolbox.framework in Frameworks */ = {isa = PBXBuildFile; fileRef = 73CD908911149EDD00F50F1B /* AudioToolbox.framework */; };
		73CD908C11149EE600F50F1B /* AVFoundation.framework in Frameworks */ = {isa = PBXBuildFile; fileRef = 73CD908B11149EE600F50F1B /* AVFoundation.framework */; };
		73CD90F11114A68D00F50F1B /* DJViewController.xib in Resources */ = {isa = PBXBuildFile; fileRef = 73CD90F01114A68D00F50F1B /* DJViewController.xib */; };
		73CD92891114BEF200F50F1B /* keys.wav in Resources */ = {isa = PBXBuildFile; fileRef = 73CD92881114BEF200F50F1B /* keys.wav */; };
		73CD92CE1114C56300F50F1B /* PitchView.m in Sources */ = {isa = PBXBuildFile; fileRef = 73CD92CD1114C56300F50F1B /* PitchView.m */; };
		73CE77E91114DC29002CB8C2 /* pitchbar_00.png in Resources */ = {isa = PBXBuildFile; fileRef = 73CE77E81114DC29002CB8C2 /* pitchbar_00.png */; };
		FD62BE6011147CA6008CC754 /* TrackHandler.m in Sources */ = {isa = PBXBuildFile; fileRef = FD62BE5F11147CA6008CC754 /* TrackHandler.m */; };
		FD62BE811114809A008CC754 /* AudioToolbox.framework in Frameworks */ = {isa = PBXBuildFile; fileRef = FD62BE801114809A008CC754 /* AudioToolbox.framework */; };
		FD62BEE711148B94008CC754 /* DJViewController.mm in Sources */ = {isa = PBXBuildFile; fileRef = FD62BEE511148B94008CC754 /* DJViewController.mm */; };
		FD62C04C11149F0E008CC754 /* TracksListTableViewController.m in Sources */ = {isa = PBXBuildFile; fileRef = FD62C04A11149F0E008CC754 /* TracksListTableViewController.m */; };
		FD62C04D11149F0E008CC754 /* TracksListTableViewController.xib in Resources */ = {isa = PBXBuildFile; fileRef = FD62C04B11149F0E008CC754 /* TracksListTableViewController.xib */; };
/* End PBXBuildFile section */

/* Begin PBXFileReference section */
		1D30AB110D05D00D00671497 /* Foundation.framework */ = {isa = PBXFileReference; lastKnownFileType = wrapper.framework; name = Foundation.framework; path = System/Library/Frameworks/Foundation.framework; sourceTree = SDKROOT; };
		1D3623240D0F684500981E51 /* BuddyJAppDelegate.h */ = {isa = PBXFileReference; fileEncoding = 4; lastKnownFileType = sourcecode.c.h; path = BuddyJAppDelegate.h; sourceTree = "<group>"; };
		1D3623250D0F684500981E51 /* BuddyJAppDelegate.mm */ = {isa = PBXFileReference; fileEncoding = 4; lastKnownFileType = sourcecode.cpp.objcpp; path = BuddyJAppDelegate.mm; sourceTree = "<group>"; };
		1D6058910D05DD3D006BFB54 /* BuddyJ.app */ = {isa = PBXFileReference; explicitFileType = wrapper.application; includeInIndex = 0; path = BuddyJ.app; sourceTree = BUILT_PRODUCTS_DIR; };
		1DF5F4DF0D08C38300B7A737 /* UIKit.framework */ = {isa = PBXFileReference; lastKnownFileType = wrapper.framework; name = UIKit.framework; path = System/Library/Frameworks/UIKit.framework; sourceTree = SDKROOT; };
		288765070DF74369002DB57D /* CoreGraphics.framework */ = {isa = PBXFileReference; lastKnownFileType = wrapper.framework; name = CoreGraphics.framework; path = System/Library/Frameworks/CoreGraphics.framework; sourceTree = SDKROOT; };
		28A0AB4B0D9B1048005BE974 /* BuddyJ_Prefix.pch */ = {isa = PBXFileReference; fileEncoding = 4; lastKnownFileType = sourcecode.c.h; path = BuddyJ_Prefix.pch; sourceTree = "<group>"; };
		28AD73870D9D96C1002E5188 /* MainWindow.xib */ = {isa = PBXFileReference; lastKnownFileType = file.xib; path = MainWindow.xib; sourceTree = "<group>"; };
		29B97316FDCFA39411CA2CEA /* main.m */ = {isa = PBXFileReference; fileEncoding = 4; lastKnownFileType = sourcecode.c.objc; path = main.m; sourceTree = "<group>"; };
		7354301E1114E41300F172D5 /* JogWheelView.h */ = {isa = PBXFileReference; fileEncoding = 4; lastKnownFileType = sourcecode.c.h; path = JogWheelView.h; sourceTree = "<group>"; };
		7354301F1114E41300F172D5 /* JogWheelView.m */ = {isa = PBXFileReference; fileEncoding = 4; lastKnownFileType = sourcecode.c.objc; path = JogWheelView.m; sourceTree = "<group>"; };
		73CD906811149EA500F50F1B /* AudioEngine.h */ = {isa = PBXFileReference; fileEncoding = 4; lastKnownFileType = sourcecode.c.h; path = AudioEngine.h; sourceTree = "<group>"; };
		73CD906911149EA500F50F1B /* AudioEngine.mm */ = {isa = PBXFileReference; fileEncoding = 4; lastKnownFileType = sourcecode.cpp.objcpp; path = AudioEngine.mm; sourceTree = "<group>"; };
		73CD906A11149EA500F50F1B /* Track.h */ = {isa = PBXFileReference; fileEncoding = 4; lastKnownFileType = sourcecode.c.h; path = Track.h; sourceTree = "<group>"; };
		73CD906B11149EA500F50F1B /* Track.cpp */ = {isa = PBXFileReference; fileEncoding = 4; lastKnownFileType = sourcecode.cpp.cpp; path = Track.cpp; sourceTree = "<group>"; };
		73CD906C11149EA500F50F1B /* AudioFile.h */ = {isa = PBXFileReference; fileEncoding = 4; lastKnownFileType = sourcecode.c.h; path = AudioFile.h; sourceTree = "<group>"; };
		73CD906D11149EA500F50F1B /* AudioFile.cpp */ = {isa = PBXFileReference; fileEncoding = 4; lastKnownFileType = sourcecode.cpp.cpp; path = AudioFile.cpp; sourceTree = "<group>"; };
		73CD906E11149EA500F50F1B /* SoundSet.h */ = {isa = PBXFileReference; fileEncoding = 4; lastKnownFileType = sourcecode.c.h; path = SoundSet.h; sourceTree = "<group>"; };
		73CD906F11149EA500F50F1B /* SoundSet.cpp */ = {isa = PBXFileReference; fileEncoding = 4; lastKnownFileType = sourcecode.cpp.cpp; path = SoundSet.cpp; sourceTree = "<group>"; };
		73CD907411149EBA00F50F1B /* WavFile.cpp */ = {isa = PBXFileReference; fileEncoding = 4; lastKnownFileType = sourcecode.cpp.cpp; path = WavFile.cpp; sourceTree = "<group>"; };
		73CD907511149EBA00F50F1B /* WavFile.h */ = {isa = PBXFileReference; fileEncoding = 4; lastKnownFileType = sourcecode.c.h; path = WavFile.h; sourceTree = "<group>"; };
		73CD907711149EBA00F50F1B /* CADebugMacros.h */ = {isa = PBXFileReference; fileEncoding = 4; lastKnownFileType = sourcecode.c.h; path = CADebugMacros.h; sourceTree = "<group>"; };
		73CD907811149EBA00F50F1B /* CAMath.h */ = {isa = PBXFileReference; fileEncoding = 4; lastKnownFileType = sourcecode.c.h; path = CAMath.h; sourceTree = "<group>"; };
		73CD907911149EBA00F50F1B /* CAXException.h */ = {isa = PBXFileReference; fileEncoding = 4; lastKnownFileType = sourcecode.c.h; path = CAXException.h; sourceTree = "<group>"; };
		73CD907A11149EBA00F50F1B /* CAStreamBasicDescription.h */ = {isa = PBXFileReference; fileEncoding = 4; lastKnownFileType = sourcecode.c.h; path = CAStreamBasicDescription.h; sourceTree = "<group>"; };
		73CD907B11149EBA00F50F1B /* CAStreamBasicDescription.cpp */ = {isa = PBXFileReference; fileEncoding = 4; lastKnownFileType = sourcecode.cpp.cpp; path = CAStreamBasicDescription.cpp; sourceTree = "<group>"; };
		73CD907C11149EBA00F50F1B /* CAXException.cpp */ = {isa = PBXFileReference; fileEncoding = 4; lastKnownFileType = sourcecode.cpp.cpp; path = CAXException.cpp; sourceTree = "<group>"; };
		73CD908911149EDD00F50F1B /* AudioToolbox.framework */ = {isa = PBXFileReference; lastKnownFileType = wrapper.framework; name = AudioToolbox.framework; path = System/Library/Frameworks/AudioToolbox.framework; sourceTree = SDKROOT; };
		73CD908B11149EE600F50F1B /* AVFoundation.framework */ = {isa = PBXFileReference; lastKnownFileType = wrapper.framework; name = AVFoundation.framework; path = System/Library/Frameworks/AVFoundation.framework; sourceTree = SDKROOT; };
		73CD90F01114A68D00F50F1B /* DJViewController.xib */ = {isa = PBXFileReference; lastKnownFileType = file.xib; path = DJViewController.xib; sourceTree = "<group>"; };
		73CD92881114BEF200F50F1B /* keys.wav */ = {isa = PBXFileReference; lastKnownFileType = audio.wav; path = keys.wav; sourceTree = "<group>"; };
		73CD92CC1114C56300F50F1B /* PitchView.h */ = {isa = PBXFileReference; fileEncoding = 4; lastKnownFileType = sourcecode.c.h; path = PitchView.h; sourceTree = "<group>"; };
		73CD92CD1114C56300F50F1B /* PitchView.m */ = {isa = PBXFileReference; fileEncoding = 4; lastKnownFileType = sourcecode.c.objc; path = PitchView.m; sourceTree = "<group>"; };
		73CE77E81114DC29002CB8C2 /* pitchbar_00.png */ = {isa = PBXFileReference; lastKnownFileType = image.png; path = pitchbar_00.png; sourceTree = "<group>"; };
		8D1107310486CEB800E47090 /* BuddyJ-Info.plist */ = {isa = PBXFileReference; fileEncoding = 4; lastKnownFileType = text.plist.xml; path = "BuddyJ-Info.plist"; plistStructureDefinitionIdentifier = "com.apple.xcode.plist.structure-definition.iphone.info-plist"; sourceTree = "<group>"; };
		FD62BE5E11147CA6008CC754 /* TrackHandler.h */ = {isa = PBXFileReference; fileEncoding = 4; lastKnownFileType = sourcecode.c.h; path = TrackHandler.h; sourceTree = "<group>"; };
		FD62BE5F11147CA6008CC754 /* TrackHandler.m */ = {isa = PBXFileReference; fileEncoding = 4; lastKnownFileType = sourcecode.c.objc; path = TrackHandler.m; sourceTree = "<group>"; };
		FD62BE801114809A008CC754 /* AudioToolbox.framework */ = {isa = PBXFileReference; lastKnownFileType = wrapper.framework; name = AudioToolbox.framework; path = System/Library/Frameworks/AudioToolbox.framework; sourceTree = SDKROOT; };
		FD62BEE411148B94008CC754 /* DJViewController.h */ = {isa = PBXFileReference; fileEncoding = 4; lastKnownFileType = sourcecode.c.h; path = DJViewController.h; sourceTree = "<group>"; };
		FD62BEE511148B94008CC754 /* DJViewController.mm */ = {isa = PBXFileReference; lastKnownFileType = sourcecode.cpp.objcpp; path = DJViewController.mm; sourceTree = "<group>"; };
		FD62C04911149F0E008CC754 /* TracksListTableViewController.h */ = {isa = PBXFileReference; fileEncoding = 4; lastKnownFileType = sourcecode.c.h; path = TracksListTableViewController.h; sourceTree = "<group>"; };
		FD62C04A11149F0E008CC754 /* TracksListTableViewController.m */ = {isa = PBXFileReference; fileEncoding = 4; lastKnownFileType = sourcecode.c.objc; path = TracksListTableViewController.m; sourceTree = "<group>"; };
		FD62C04B11149F0E008CC754 /* TracksListTableViewController.xib */ = {isa = PBXFileReference; lastKnownFileType = file.xib; name = TracksListTableViewController.xib; path = Classes/TracksListTableViewController.xib; sourceTree = "<group>"; };
/* End PBXFileReference section */

/* Begin PBXFrameworksBuildPhase section */
		1D60588F0D05DD3D006BFB54 /* Frameworks */ = {
			isa = PBXFrameworksBuildPhase;
			buildActionMask = 2147483647;
			files = (
				1D60589F0D05DD5A006BFB54 /* Foundation.framework in Frameworks */,
				1DF5F4E00D08C38300B7A737 /* UIKit.framework in Frameworks */,
				288765080DF74369002DB57D /* CoreGraphics.framework in Frameworks */,
				FD62BE811114809A008CC754 /* AudioToolbox.framework in Frameworks */,
				73CD908A11149EDD00F50F1B /* AudioToolbox.framework in Frameworks */,
				73CD908C11149EE600F50F1B /* AVFoundation.framework in Frameworks */,
			);
			runOnlyForDeploymentPostprocessing = 0;
		};
/* End PBXFrameworksBuildPhase section */

/* Begin PBXGroup section */
		080E96DDFE201D6D7F000001 /* Classes */ = {
			isa = PBXGroup;
			children = (
				FD62C04911149F0E008CC754 /* TracksListTableViewController.h */,
				73CD90F01114A68D00F50F1B /* DJViewController.xib */,
				FD62C04A11149F0E008CC754 /* TracksListTableViewController.m */,
				FD62BE5E11147CA6008CC754 /* TrackHandler.h */,
				FD62BE5F11147CA6008CC754 /* TrackHandler.m */,
				1D3623240D0F684500981E51 /* BuddyJAppDelegate.h */,
				1D3623250D0F684500981E51 /* BuddyJAppDelegate.mm */,
				FD62BEE411148B94008CC754 /* DJViewController.h */,
				FD62BEE511148B94008CC754 /* DJViewController.mm */,
				73CD906711149EA500F50F1B /* Audio */,
				73CD92CC1114C56300F50F1B /* PitchView.h */,
				73CD92CD1114C56300F50F1B /* PitchView.m */,
				7354301E1114E41300F172D5 /* JogWheelView.h */,
				7354301F1114E41300F172D5 /* JogWheelView.m */,
			);
			path = Classes;
			sourceTree = "<group>";
		};
		19C28FACFE9D520D11CA2CBB /* Products */ = {
			isa = PBXGroup;
			children = (
				1D6058910D05DD3D006BFB54 /* BuddyJ.app */,
			);
			name = Products;
			sourceTree = "<group>";
		};
		29B97314FDCFA39411CA2CEA /* BuddyJ */ = {
			isa = PBXGroup;
			children = (
				080E96DDFE201D6D7F000001 /* Classes */,
				29B97315FDCFA39411CA2CEA /* Other Sources */,
				29B97317FDCFA39411CA2CEA /* Resources */,
				29B97323FDCFA39411CA2CEA /* Frameworks */,
				19C28FACFE9D520D11CA2CBB /* Products */,
			);
			name = BuddyJ;
			sourceTree = "<group>";
		};
		29B97315FDCFA39411CA2CEA /* Other Sources */ = {
			isa = PBXGroup;
			children = (
				73CD907411149EBA00F50F1B /* WavFile.cpp */,
				73CD907511149EBA00F50F1B /* WavFile.h */,
				73CD907611149EBA00F50F1B /* iPublicUtility */,
				28A0AB4B0D9B1048005BE974 /* BuddyJ_Prefix.pch */,
				29B97316FDCFA39411CA2CEA /* main.m */,
			);
			name = "Other Sources";
			sourceTree = "<group>";
		};
		29B97317FDCFA39411CA2CEA /* Resources */ = {
			isa = PBXGroup;
			children = (
				73CE77E81114DC29002CB8C2 /* pitchbar_00.png */,
				73CD92881114BEF200F50F1B /* keys.wav */,
				FD62C04B11149F0E008CC754 /* TracksListTableViewController.xib */,
				28AD73870D9D96C1002E5188 /* MainWindow.xib */,
				8D1107310486CEB800E47090 /* BuddyJ-Info.plist */,
			);
			name = Resources;
			sourceTree = "<group>";
		};
		29B97323FDCFA39411CA2CEA /* Frameworks */ = {
			isa = PBXGroup;
			children = (
				73CD908B11149EE600F50F1B /* AVFoundation.framework */,
				73CD908911149EDD00F50F1B /* AudioToolbox.framework */,
				1DF5F4DF0D08C38300B7A737 /* UIKit.framework */,
				1D30AB110D05D00D00671497 /* Foundation.framework */,
				288765070DF74369002DB57D /* CoreGraphics.framework */,
				FD62BE801114809A008CC754 /* AudioToolbox.framework */,
			);
			name = Frameworks;
			sourceTree = "<group>";
		};
		73CD906711149EA500F50F1B /* Audio */ = {
			isa = PBXGroup;
			children = (
				73CD906811149EA500F50F1B /* AudioEngine.h */,
				73CD906911149EA500F50F1B /* AudioEngine.mm */,
				73CD906A11149EA500F50F1B /* Track.h */,
				73CD906B11149EA500F50F1B /* Track.cpp */,
				73CD906C11149EA500F50F1B /* AudioFile.h */,
				73CD906D11149EA500F50F1B /* AudioFile.cpp */,
				73CD906E11149EA500F50F1B /* SoundSet.h */,
				73CD906F11149EA500F50F1B /* SoundSet.cpp */,
			);
			name = Audio;
			sourceTree = "<group>";
		};
		73CD907611149EBA00F50F1B /* iPublicUtility */ = {
			isa = PBXGroup;
			children = (
				73CD907711149EBA00F50F1B /* CADebugMacros.h */,
				73CD907811149EBA00F50F1B /* CAMath.h */,
				73CD907911149EBA00F50F1B /* CAXException.h */,
				73CD907A11149EBA00F50F1B /* CAStreamBasicDescription.h */,
				73CD907B11149EBA00F50F1B /* CAStreamBasicDescription.cpp */,
				73CD907C11149EBA00F50F1B /* CAXException.cpp */,
			);
			path = iPublicUtility;
			sourceTree = "<group>";
		};
/* End PBXGroup section */

/* Begin PBXNativeTarget section */
		1D6058900D05DD3D006BFB54 /* BuddyJ */ = {
			isa = PBXNativeTarget;
			buildConfigurationList = 1D6058960D05DD3E006BFB54 /* Build configuration list for PBXNativeTarget "BuddyJ" */;
			buildPhases = (
				1D60588D0D05DD3D006BFB54 /* Resources */,
				1D60588E0D05DD3D006BFB54 /* Sources */,
				1D60588F0D05DD3D006BFB54 /* Frameworks */,
			);
			buildRules = (
			);
			dependencies = (
			);
			name = BuddyJ;
			productName = BuddyJ;
			productReference = 1D6058910D05DD3D006BFB54 /* BuddyJ.app */;
			productType = "com.apple.product-type.application";
		};
/* End PBXNativeTarget section */

/* Begin PBXProject section */
		29B97313FDCFA39411CA2CEA /* Project object */ = {
			isa = PBXProject;
			buildConfigurationList = C01FCF4E08A954540054247B /* Build configuration list for PBXProject "BuddyJ" */;
			compatibilityVersion = "Xcode 3.1";
			hasScannedForEncodings = 1;
			mainGroup = 29B97314FDCFA39411CA2CEA /* BuddyJ */;
			projectDirPath = "";
			projectRoot = "";
			targets = (
				1D6058900D05DD3D006BFB54 /* BuddyJ */,
			);
		};
/* End PBXProject section */

/* Begin PBXResourcesBuildPhase section */
		1D60588D0D05DD3D006BFB54 /* Resources */ = {
			isa = PBXResourcesBuildPhase;
			buildActionMask = 2147483647;
			files = (
				28AD73880D9D96C1002E5188 /* MainWindow.xib in Resources */,
				FD62C04D11149F0E008CC754 /* TracksListTableViewController.xib in Resources */,
				73CD90F11114A68D00F50F1B /* DJViewController.xib in Resources */,
				73CD92891114BEF200F50F1B /* keys.wav in Resources */,
				73CE77E91114DC29002CB8C2 /* pitchbar_00.png in Resources */,
			);
			runOnlyForDeploymentPostprocessing = 0;
		};
/* End PBXResourcesBuildPhase section */

/* Begin PBXSourcesBuildPhase section */
		1D60588E0D05DD3D006BFB54 /* Sources */ = {
			isa = PBXSourcesBuildPhase;
			buildActionMask = 2147483647;
			files = (
				1D60589B0D05DD56006BFB54 /* main.m in Sources */,
				1D3623260D0F684500981E51 /* BuddyJAppDelegate.mm in Sources */,
				FD62BE6011147CA6008CC754 /* TrackHandler.m in Sources */,
				FD62BEE711148B94008CC754 /* DJViewController.mm in Sources */,
				73CD907011149EA500F50F1B /* AudioEngine.mm in Sources */,
				73CD907111149EA500F50F1B /* Track.cpp in Sources */,
				73CD907211149EA500F50F1B /* AudioFile.cpp in Sources */,
				73CD907311149EA500F50F1B /* SoundSet.cpp in Sources */,
				73CD908311149EBA00F50F1B /* WavFile.cpp in Sources */,
				73CD908411149EBA00F50F1B /* CAStreamBasicDescription.cpp in Sources */,
				73CD908511149EBA00F50F1B /* CAXException.cpp in Sources */,
				FD62C04C11149F0E008CC754 /* TracksListTableViewController.m in Sources */,
				73CD92CE1114C56300F50F1B /* PitchView.m in Sources */,
				735430201114E41300F172D5 /* JogWheelView.m in Sources */,
			);
			runOnlyForDeploymentPostprocessing = 0;
		};
/* End PBXSourcesBuildPhase section */

/* Begin XCBuildConfiguration section */
		1D6058940D05DD3E006BFB54 /* Debug */ = {
			isa = XCBuildConfiguration;
			buildSettings = {
				ALWAYS_SEARCH_USER_PATHS = NO;
				COPY_PHASE_STRIP = NO;
				GCC_DYNAMIC_NO_PIC = NO;
				GCC_OPTIMIZATION_LEVEL = 0;
				GCC_PRECOMPILE_PREFIX_HEADER = YES;
				GCC_PREFIX_HEADER = BuddyJ_Prefix.pch;
				INFOPLIST_FILE = "BuddyJ-Info.plist";
				PRODUCT_NAME = BuddyJ;
			};
			name = Debug;
		};
		1D6058950D05DD3E006BFB54 /* Release */ = {
			isa = XCBuildConfiguration;
			buildSettings = {
				ALWAYS_SEARCH_USER_PATHS = NO;
				COPY_PHASE_STRIP = YES;
				GCC_PRECOMPILE_PREFIX_HEADER = YES;
				GCC_PREFIX_HEADER = BuddyJ_Prefix.pch;
				INFOPLIST_FILE = "BuddyJ-Info.plist";
				PRODUCT_NAME = BuddyJ;
			};
			name = Release;
		};
		C01FCF4F08A954540054247B /* Debug */ = {
			isa = XCBuildConfiguration;
			buildSettings = {
				ARCHS = "$(ARCHS_STANDARD_32_BIT)";
				"CODE_SIGN_IDENTITY[sdk=iphoneos*]" = "iPhone Developer";
				GCC_C_LANGUAGE_STANDARD = c99;
				GCC_WARN_ABOUT_RETURN_TYPE = YES;
				GCC_WARN_UNUSED_VARIABLE = YES;
				PREBINDING = NO;
				SDKROOT = iphoneos3.1.2;
			};
			name = Debug;
		};
		C01FCF5008A954540054247B /* Release */ = {
			isa = XCBuildConfiguration;
			buildSettings = {
				ARCHS = "$(ARCHS_STANDARD_32_BIT)";
				"CODE_SIGN_IDENTITY[sdk=iphoneos*]" = "iPhone Developer";
				GCC_C_LANGUAGE_STANDARD = c99;
				GCC_WARN_ABOUT_RETURN_TYPE = YES;
				GCC_WARN_UNUSED_VARIABLE = YES;
				PREBINDING = NO;
				SDKROOT = iphoneos3.1.2;
			};
			name = Release;
		};
/* End XCBuildConfiguration section */

/* Begin XCConfigurationList section */
		1D6058960D05DD3E006BFB54 /* Build configuration list for PBXNativeTarget "BuddyJ" */ = {
			isa = XCConfigurationList;
			buildConfigurations = (
				1D6058940D05DD3E006BFB54 /* Debug */,
				1D6058950D05DD3E006BFB54 /* Release */,
			);
			defaultConfigurationIsVisible = 0;
			defaultConfigurationName = Release;
		};
		C01FCF4E08A954540054247B /* Build configuration list for PBXProject "BuddyJ" */ = {
			isa = XCConfigurationList;
			buildConfigurations = (
				C01FCF4F08A954540054247B /* Debug */,
				C01FCF5008A954540054247B /* Release */,
			);
			defaultConfigurationIsVisible = 0;
			defaultConfigurationName = Release;
		};
/* End XCConfigurationList section */
	};
	rootObject = 29B97313FDCFA39411CA2CEA /* Project object */;
}
